
Microsoft Visual Studio Solution File, Format Version 12.00
# Visual Studio 2013
VisualStudioVersion = 12.0.31101.0
MinimumVisualStudioVersion = 10.0.40219.1
Project("{FAE04EC0-301F-11D3-BF4B-00C04F79EFBC}") = "DesignSpace", "DesignSpace\DesignSpace.csproj", "{7A5AAB37-F839-475F-854B-2AAB93EAE330}"
EndProject
Project("{E24C65DC-7377-472B-9ABA-BC803B73C61A}") = "Web(2)", "http://localhost:3312", "{A8EC95F1-5614-48E4-886D-E2E46116220A}"
	ProjectSection(WebsiteProperties) = preProject
		UseIISExpress = "true"
		TargetFrameworkMoniker = ".NETFramework,Version%3Dv4.0"
		Debug.AspNetCompiler.VirtualPath = "/localhost_3312"
		Debug.AspNetCompiler.PhysicalPath = "Web\"
		Debug.AspNetCompiler.TargetPath = "PrecompiledWeb\localhost_3312\"
		Debug.AspNetCompiler.Updateable = "true"
		Debug.AspNetCompiler.ForceOverwrite = "true"
		Debug.AspNetCompiler.FixedNames = "false"
		Debug.AspNetCompiler.Debug = "True"
		Release.AspNetCompiler.VirtualPath = "/localhost_3312"
		Release.AspNetCompiler.PhysicalPath = "Web\"
		Release.AspNetCompiler.TargetPath = "PrecompiledWeb\localhost_3312\"
		Release.AspNetCompiler.Updateable = "true"
		Release.AspNetCompiler.ForceOverwrite = "true"
		Release.AspNetCompiler.FixedNames = "false"
		Release.AspNetCompiler.Debug = "False"
		SlnRelativePath = "Web\"
	EndProjectSection
EndProject
Global
	GlobalSection(SolutionConfigurationPlatforms) = preSolution
		Debug|Any CPU = Debug|Any CPU
		Release|Any CPU = Release|Any CPU
	EndGlobalSection
	GlobalSection(ProjectConfigurationPlatforms) = postSolution
		{7A5AAB37-F839-475F-854B-2AAB93EAE330}.Debug|Any CPU.ActiveCfg = Debug|Any CPU
		{7A5AAB37-F839-475F-854B-2AAB93EAE330}.Debug|Any CPU.Build.0 = Debug|Any CPU
		{7A5AAB37-F839-475F-854B-2AAB93EAE330}.Release|Any CPU.ActiveCfg = Release|Any CPU
		{7A5AAB37-F839-475F-854B-2AAB93EAE330}.Release|Any CPU.Build.0 = Release|Any CPU
		{A8EC95F1-5614-48E4-886D-E2E46116220A}.Debug|Any CPU.ActiveCfg = Debug|Any CPU
		{A8EC95F1-5614-48E4-886D-E2E46116220A}.Debug|Any CPU.Build.0 = Debug|Any CPU
		{A8EC95F1-5614-48E4-886D-E2E46116220A}.Release|Any CPU.ActiveCfg = Debug|Any CPU
		{A8EC95F1-5614-48E4-886D-E2E46116220A}.Release|Any CPU.Build.0 = Debug|Any CPU
	EndGlobalSection
	GlobalSection(SolutionProperties) = preSolution
		HideSolutionNode = FALSE
	EndGlobalSection
EndGlobal
